
Microsoft Visual Studio Solution File, Format Version 12.00
# Visual Studio Version 16
VisualStudioVersion = 16.0.33130.400
MinimumVisualStudioVersion = 10.0.40219.1
Project("{FAE04EC0-301F-11D3-BF4B-00C04F79EFBC}") = "Agri_Manegment_System", "Agri_Manegment_System\Agri_Manegment_System.csproj", "{E5E0A6F5-5612-4D9A-8D9A-DD2CD1B63C04}"
EndProject
Global
	GlobalSection(SolutionConfigurationPlatforms) = preSolution
		Debug|Any CPU = Debug|Any CPU
		Release|Any CPU = Release|Any CPU
	EndGlobalSection
	GlobalSection(ProjectConfigurationPlatforms) = postSolution
		{E5E0A6F5-5612-4D9A-8D9A-DD2CD1B63C04}.Debug|Any CPU.ActiveCfg = Debug|Any CPU
		{E5E0A6F5-5612-4D9A-8D9A-DD2CD1B63C04}.Debug|Any CPU.Build.0 = Debug|Any CPU
		{E5E0A6F5-5612-4D9A-8D9A-DD2CD1B63C04}.Release|Any CPU.ActiveCfg = Release|Any CPU
		{E5E0A6F5-5612-4D9A-8D9A-DD2CD1B63C04}.Release|Any CPU.Build.0 = Release|Any CPU
	EndGlobalSection
	GlobalSection(SolutionProperties) = preSolution
		HideSolutionNode = FALSE
	EndGlobalSection
	GlobalSection(ExtensibilityGlobals) = postSolution
		SolutionGuid = {DA68E4E7-FD7E-4460-ABB0-F341151BF67E}
	EndGlobalSection
EndGlobal
